
Microsoft Visual Studio Solution File, Format Version 12.00
# Visual Studio Version 17
VisualStudioVersion = 17.9.34728.123
MinimumVisualStudioVersion = 10.0.40219.1
Project("{FAE04EC0-301F-11D3-BF4B-00C04F79EFBC}") = "FamilyManager.Web", "FamilyManager.Web\FamilyManager.Web.csproj", "{C5035CF8-9444-4A76-B4B6-D175191CA384}"
EndProject
Project("{2150E333-8FDC-42A3-9474-1A3956D46DE8}") = "Solution Items", "Solution Items", "{B23876CD-C40B-4095-BDE5-8D2AB9297FF5}"
	ProjectSection(SolutionItems) = preProject
		.editorconfig = .editorconfig
	EndProjectSection
EndProject
Project("{FAE04EC0-301F-11D3-BF4B-00C04F79EFBC}") = "FamilyManager.Domain", "FamilyManager.Domain\FamilyManager.Domain.csproj", "{9B1E387F-7E94-48A4-AC6C-2F975043634E}"
EndProject
Project("{FAE04EC0-301F-11D3-BF4B-00C04F79EFBC}") = "FamilyManager.Application", "FamilyManager.Application\FamilyManager.Application.csproj", "{7D67AB95-E63F-45A3-BC95-A3F57CBBB241}"
EndProject
Project("{FAE04EC0-301F-11D3-BF4B-00C04F79EFBC}") = "FamilyManager.Infrastructure", "FamilyManager.Infrastructure\FamilyManager.Infrastructure.csproj", "{74565518-FB17-4AAC-BD15-7CF1461CB9C2}"
EndProject
Global
	GlobalSection(SolutionConfigurationPlatforms) = preSolution
		Debug|Any CPU = Debug|Any CPU
		Release|Any CPU = Release|Any CPU
	EndGlobalSection
	GlobalSection(ProjectConfigurationPlatforms) = postSolution
		{C5035CF8-9444-4A76-B4B6-D175191CA384}.Debug|Any CPU.ActiveCfg = Debug|Any CPU
		{C5035CF8-9444-4A76-B4B6-D175191CA384}.Debug|Any CPU.Build.0 = Debug|Any CPU
		{C5035CF8-9444-4A76-B4B6-D175191CA384}.Release|Any CPU.ActiveCfg = Release|Any CPU
		{C5035CF8-9444-4A76-B4B6-D175191CA384}.Release|Any CPU.Build.0 = Release|Any CPU
		{9B1E387F-7E94-48A4-AC6C-2F975043634E}.Debug|Any CPU.ActiveCfg = Debug|Any CPU
		{9B1E387F-7E94-48A4-AC6C-2F975043634E}.Debug|Any CPU.Build.0 = Debug|Any CPU
		{9B1E387F-7E94-48A4-AC6C-2F975043634E}.Release|Any CPU.ActiveCfg = Release|Any CPU
		{9B1E387F-7E94-48A4-AC6C-2F975043634E}.Release|Any CPU.Build.0 = Release|Any CPU
		{7D67AB95-E63F-45A3-BC95-A3F57CBBB241}.Debug|Any CPU.ActiveCfg = Debug|Any CPU
		{7D67AB95-E63F-45A3-BC95-A3F57CBBB241}.Debug|Any CPU.Build.0 = Debug|Any CPU
		{7D67AB95-E63F-45A3-BC95-A3F57CBBB241}.Release|Any CPU.ActiveCfg = Release|Any CPU
		{7D67AB95-E63F-45A3-BC95-A3F57CBBB241}.Release|Any CPU.Build.0 = Release|Any CPU
		{74565518-FB17-4AAC-BD15-7CF1461CB9C2}.Debug|Any CPU.ActiveCfg = Debug|Any CPU
		{74565518-FB17-4AAC-BD15-7CF1461CB9C2}.Debug|Any CPU.Build.0 = Debug|Any CPU
		{74565518-FB17-4AAC-BD15-7CF1461CB9C2}.Release|Any CPU.ActiveCfg = Release|Any CPU
		{74565518-FB17-4AAC-BD15-7CF1461CB9C2}.Release|Any CPU.Build.0 = Release|Any CPU
	EndGlobalSection
	GlobalSection(SolutionProperties) = preSolution
		HideSolutionNode = FALSE
	EndGlobalSection
	GlobalSection(ExtensibilityGlobals) = postSolution
		SolutionGuid = {26BCE097-8E13-4EE1-B730-4B12E7FC79BD}
	EndGlobalSection
EndGlobal
